
Microsoft Visual Studio Solution File, Format Version 12.00
# Visual Studio Version 16
VisualStudioVersion = 16.0.30128.74
MinimumVisualStudioVersion = 10.0.40219.1
Project("{FAE04EC0-301F-11D3-BF4B-00C04F79EFBC}") = "Assembly-CSharp", "Assembly-CSharp.csproj", "{5E1006FF-17C4-6C5F-0A41-19D102EC38B1}"
EndProject
Project("{FAE04EC0-301F-11D3-BF4B-00C04F79EFBC}") = "Assembly-CSharp-Editor", "Assembly-CSharp-Editor.csproj", "{72D81758-5FF1-DBE8-A60D-BF08879B40A2}"
EndProject
Global
	GlobalSection(SolutionConfigurationPlatforms) = preSolution
		Debug|Any CPU = Debug|Any CPU
		Release|Any CPU = Release|Any CPU
	EndGlobalSection
	GlobalSection(ProjectConfigurationPlatforms) = postSolution
		{5E1006FF-17C4-6C5F-0A41-19D102EC38B1}.Debug|Any CPU.ActiveCfg = Debug|Any CPU
		{5E1006FF-17C4-6C5F-0A41-19D102EC38B1}.Debug|Any CPU.Build.0 = Debug|Any CPU
		{5E1006FF-17C4-6C5F-0A41-19D102EC38B1}.Release|Any CPU.ActiveCfg = Release|Any CPU
		{5E1006FF-17C4-6C5F-0A41-19D102EC38B1}.Release|Any CPU.Build.0 = Release|Any CPU
		{72D81758-5FF1-DBE8-A60D-BF08879B40A2}.Debug|Any CPU.ActiveCfg = Debug|Any CPU
		{72D81758-5FF1-DBE8-A60D-BF08879B40A2}.Debug|Any CPU.Build.0 = Debug|Any CPU
		{72D81758-5FF1-DBE8-A60D-BF08879B40A2}.Release|Any CPU.ActiveCfg = Release|Any CPU
		{72D81758-5FF1-DBE8-A60D-BF08879B40A2}.Release|Any CPU.Build.0 = Release|Any CPU
	EndGlobalSection
	GlobalSection(SolutionProperties) = preSolution
		HideSolutionNode = FALSE
	EndGlobalSection
	GlobalSection(ExtensibilityGlobals) = postSolution
		SolutionGuid = {0B95D6A2-25F7-4DBB-B598-16D07B4B05F7}
	EndGlobalSection
EndGlobal
