
Microsoft Visual Studio Solution File, Format Version 11.00
# Visual Studio 2010
Project("{FAE04EC0-301F-11D3-BF4B-00C04F79EFBC}") = "Assembly-CSharp", "Assembly-CSharp.csproj", "{ff06105e-c417-5f6c-0a41-19d102ec38b1}"
EndProject
Project("{FAE04EC0-301F-11D3-BF4B-00C04F79EFBC}") = "Assembly-CSharp-firstpass", "Assembly-CSharp-firstpass.csproj", "{fbb0aee7-a4c6-c122-15ab-18b107a9ab78}"
EndProject
Project("{FAE04EC0-301F-11D3-BF4B-00C04F79EFBC}") = "Assembly-CSharp-Editor", "Assembly-CSharp-Editor.csproj", "{5817d872-f15f-e8db-a60d-bf08879b40a2}"
EndProject
Project("{FAE04EC0-301F-11D3-BF4B-00C04F79EFBC}") = "Assembly-CSharp-Editor-firstpass", "Assembly-CSharp-Editor-firstpass.csproj", "{b082e775-8dd9-2600-7704-94e55fd8d384}"
EndProject
Global
	GlobalSection(SolutionConfigurationPlatforms) = preSolution
		Debug|Any CPU = Debug|Any CPU
	EndGlobalSection
	GlobalSection(ProjectConfigurationPlatforms) = postSolution
		{ff06105e-c417-5f6c-0a41-19d102ec38b1}.Debug|Any CPU.ActiveCfg = Debug|Any CPU
		{ff06105e-c417-5f6c-0a41-19d102ec38b1}.Debug|Any CPU.Build.0 = Debug|Any CPU
		{fbb0aee7-a4c6-c122-15ab-18b107a9ab78}.Debug|Any CPU.ActiveCfg = Debug|Any CPU
		{fbb0aee7-a4c6-c122-15ab-18b107a9ab78}.Debug|Any CPU.Build.0 = Debug|Any CPU
		{5817d872-f15f-e8db-a60d-bf08879b40a2}.Debug|Any CPU.ActiveCfg = Debug|Any CPU
		{5817d872-f15f-e8db-a60d-bf08879b40a2}.Debug|Any CPU.Build.0 = Debug|Any CPU
		{b082e775-8dd9-2600-7704-94e55fd8d384}.Debug|Any CPU.ActiveCfg = Debug|Any CPU
		{b082e775-8dd9-2600-7704-94e55fd8d384}.Debug|Any CPU.Build.0 = Debug|Any CPU
	EndGlobalSection
	GlobalSection(SolutionProperties) = preSolution
		HideSolutionNode = FALSE
	EndGlobalSection
EndGlobal
